PODS:
  - SnapKit (5.6.0)
  - SwiftLint (0.52.2)

DEPENDENCIES:
  - SnapKit
  - SwiftLint

SPEC REPOS:
  trunk:
    - SnapKit
    - SwiftLint

SPEC CHECKSUMS:
  SnapKit: e01d52ebb8ddbc333eefe2132acf85c8227d9c25
  SwiftLint: 1ac76dac888ca05cb0cf24d0c85887ec1209961d

PODFILE CHECKSUM: 250d3c9277a967c6008b843ee68a7d8c874ed06b

COCOAPODS: 1.12.0
